{
  "object": {
    "pins": [
      {
        "package": "swift-nio",
        "repositoryURL": "https://github.com/apple/swift-nio.git",
        "state": {
          "branch": null,
          "revision": "fb48bdd8279799f655da5f8b4e0a21430eca6012",
          "version": "2.32.3"
        }
      },
      {
        "package": "swift-nio-ssl",
        "repositoryURL": "https://github.com/apple/swift-nio-ssl.git",
        "state": {
          "branch": null,
          "revision": "77a3bf17884d2c87ba400f4d93b9a6f27b078651",
          "version": "2.15.1"
        }
      },
      {
        "package": "WebSocket",
        "repositoryURL": "https://github.com/tesseract-one/WebSocket.swift.git",
        "state": {
          "branch": null,
          "revision": "ec52c3b53b62136b9ded6a9b48e5801054619fbe",
          "version": "0.1.0"
        }
      }
    ]
  },
  "version": 1
}
